
Microsoft Visual Studio Solution File, Format Version 12.00
# Visual Studio Version 16
VisualStudioVersion = 16.0.30330.147
MinimumVisualStudioVersion = 10.0.40219.1
Project("{FAE04EC0-301F-11D3-BF4B-00C04F79EFBC}") = "ParcialRodolfoHeredia", "ParcialRodolfoHeredia\ParcialRodolfoHeredia.csproj", "{62D42241-207F-4A5F-8E8D-81F06D9B9BBF}"
EndProject
Project("{FAE04EC0-301F-11D3-BF4B-00C04F79EFBC}") = "UnitTestParcial", "UnitTestParcial\UnitTestParcial.csproj", "{DE7E7286-8CBE-413B-A18E-592678DDD27C}"
EndProject
Global
	GlobalSection(SolutionConfigurationPlatforms) = preSolution
		Debug|Any CPU = Debug|Any CPU
		Release|Any CPU = Release|Any CPU
	EndGlobalSection
	GlobalSection(ProjectConfigurationPlatforms) = postSolution
		{62D42241-207F-4A5F-8E8D-81F06D9B9BBF}.Debug|Any CPU.ActiveCfg = Debug|Any CPU
		{62D42241-207F-4A5F-8E8D-81F06D9B9BBF}.Debug|Any CPU.Build.0 = Debug|Any CPU
		{62D42241-207F-4A5F-8E8D-81F06D9B9BBF}.Release|Any CPU.ActiveCfg = Release|Any CPU
		{62D42241-207F-4A5F-8E8D-81F06D9B9BBF}.Release|Any CPU.Build.0 = Release|Any CPU
		{DE7E7286-8CBE-413B-A18E-592678DDD27C}.Debug|Any CPU.ActiveCfg = Debug|Any CPU
		{DE7E7286-8CBE-413B-A18E-592678DDD27C}.Debug|Any CPU.Build.0 = Debug|Any CPU
		{DE7E7286-8CBE-413B-A18E-592678DDD27C}.Release|Any CPU.ActiveCfg = Release|Any CPU
		{DE7E7286-8CBE-413B-A18E-592678DDD27C}.Release|Any CPU.Build.0 = Release|Any CPU
	EndGlobalSection
	GlobalSection(SolutionProperties) = preSolution
		HideSolutionNode = FALSE
	EndGlobalSection
	GlobalSection(ExtensibilityGlobals) = postSolution
		SolutionGuid = {02C4D157-9CC4-4B9A-8A89-284990EC4EFA}
	EndGlobalSection
EndGlobal
